
Microsoft Visual Studio Solution File, Format Version 12.00
# Visual Studio Version 17
VisualStudioVersion = 17.14.36518.9
MinimumVisualStudioVersion = 10.0.40219.1
Project("{FAE04EC0-301F-11D3-BF4B-00C04F79EFBC}") = "WebService", "WebService.csproj", "{519B5B53-267E-4BF0-9F2E-69ECB4F16C63}"
EndProject
Project("{FAE04EC0-301F-11D3-BF4B-00C04F79EFBC}") = "ClientDesktopApp", "..\ClientDesktopApp\ClientDesktopApp.csproj", "{8E144024-1853-477B-9D8F-AEEBE4B9E997}"
EndProject
Project("{FAE04EC0-301F-11D3-BF4B-00C04F79EFBC}") = "ApiClasses", "..\ApiClasses\ApiClasses.csproj", "{F8AA3973-4CD5-409F-A153-DDC5D9079CCF}"
EndProject
Project("{FAE04EC0-301F-11D3-BF4B-00C04F79EFBC}") = "JobsDashboard", "..\JobsDashboard\JobsDashboard.csproj", "{40C1BC83-4AC4-45C3-BF4B-28BE5171483B}"
EndProject
Global
	GlobalSection(SolutionConfigurationPlatforms) = preSolution
		Debug|Any CPU = Debug|Any CPU
		Release|Any CPU = Release|Any CPU
	EndGlobalSection
	GlobalSection(ProjectConfigurationPlatforms) = postSolution
		{519B5B53-267E-4BF0-9F2E-69ECB4F16C63}.Debug|Any CPU.ActiveCfg = Debug|Any CPU
		{519B5B53-267E-4BF0-9F2E-69ECB4F16C63}.Debug|Any CPU.Build.0 = Debug|Any CPU
		{519B5B53-267E-4BF0-9F2E-69ECB4F16C63}.Release|Any CPU.ActiveCfg = Release|Any CPU
		{519B5B53-267E-4BF0-9F2E-69ECB4F16C63}.Release|Any CPU.Build.0 = Release|Any CPU
		{8E144024-1853-477B-9D8F-AEEBE4B9E997}.Debug|Any CPU.ActiveCfg = Debug|Any CPU
		{8E144024-1853-477B-9D8F-AEEBE4B9E997}.Debug|Any CPU.Build.0 = Debug|Any CPU
		{8E144024-1853-477B-9D8F-AEEBE4B9E997}.Release|Any CPU.ActiveCfg = Release|Any CPU
		{8E144024-1853-477B-9D8F-AEEBE4B9E997}.Release|Any CPU.Build.0 = Release|Any CPU
		{F8AA3973-4CD5-409F-A153-DDC5D9079CCF}.Debug|Any CPU.ActiveCfg = Debug|Any CPU
		{F8AA3973-4CD5-409F-A153-DDC5D9079CCF}.Debug|Any CPU.Build.0 = Debug|Any CPU
		{F8AA3973-4CD5-409F-A153-DDC5D9079CCF}.Release|Any CPU.ActiveCfg = Release|Any CPU
		{F8AA3973-4CD5-409F-A153-DDC5D9079CCF}.Release|Any CPU.Build.0 = Release|Any CPU
		{40C1BC83-4AC4-45C3-BF4B-28BE5171483B}.Debug|Any CPU.ActiveCfg = Debug|Any CPU
		{40C1BC83-4AC4-45C3-BF4B-28BE5171483B}.Debug|Any CPU.Build.0 = Debug|Any CPU
		{40C1BC83-4AC4-45C3-BF4B-28BE5171483B}.Release|Any CPU.ActiveCfg = Release|Any CPU
		{40C1BC83-4AC4-45C3-BF4B-28BE5171483B}.Release|Any CPU.Build.0 = Release|Any CPU
	EndGlobalSection
	GlobalSection(SolutionProperties) = preSolution
		HideSolutionNode = FALSE
	EndGlobalSection
	GlobalSection(ExtensibilityGlobals) = postSolution
		SolutionGuid = {684A1E25-357A-46D5-8A7B-CC420C6A8EDC}
	EndGlobalSection
EndGlobal
